
Microsoft Visual Studio Solution File, Format Version 12.00
# Visual Studio Version 16
VisualStudioVersion = 16.0.31515.178
MinimumVisualStudioVersion = 10.0.40219.1
Project("{FAE04EC0-301F-11D3-BF4B-00C04F79EFBC}") = "Dictionary", "Dictionary.csproj", "{1A8C565E-A62C-4805-AB05-ACEABB42B694}"
EndProject
Global
	GlobalSection(SolutionConfigurationPlatforms) = preSolution
		Debug|Any CPU = Debug|Any CPU
		Release|Any CPU = Release|Any CPU
	EndGlobalSection
	GlobalSection(ProjectConfigurationPlatforms) = postSolution
		{1A8C565E-A62C-4805-AB05-ACEABB42B694}.Debug|Any CPU.ActiveCfg = Debug|Any CPU
		{1A8C565E-A62C-4805-AB05-ACEABB42B694}.Debug|Any CPU.Build.0 = Debug|Any CPU
		{1A8C565E-A62C-4805-AB05-ACEABB42B694}.Release|Any CPU.ActiveCfg = Release|Any CPU
		{1A8C565E-A62C-4805-AB05-ACEABB42B694}.Release|Any CPU.Build.0 = Release|Any CPU
	EndGlobalSection
	GlobalSection(SolutionProperties) = preSolution
		HideSolutionNode = FALSE
	EndGlobalSection
	GlobalSection(ExtensibilityGlobals) = postSolution
		SolutionGuid = {59E062E8-2E6B-45DB-8F2E-AA7AD8C79CA0}
	EndGlobalSection
EndGlobal
