
Microsoft Visual Studio Solution File, Format Version 12.00
# Visual Studio Version 16
VisualStudioVersion = 16.0.31515.178
MinimumVisualStudioVersion = 10.0.40219.1
Project("{FAE04EC0-301F-11D3-BF4B-00C04F79EFBC}") = "hw3", "hw3.csproj", "{982B1D62-E4AC-4801-86EE-1DE6E6F09055}"
EndProject
Global
	GlobalSection(SolutionConfigurationPlatforms) = preSolution
		Debug|Any CPU = Debug|Any CPU
		Release|Any CPU = Release|Any CPU
	EndGlobalSection
	GlobalSection(ProjectConfigurationPlatforms) = postSolution
		{982B1D62-E4AC-4801-86EE-1DE6E6F09055}.Debug|Any CPU.ActiveCfg = Debug|Any CPU
		{982B1D62-E4AC-4801-86EE-1DE6E6F09055}.Debug|Any CPU.Build.0 = Debug|Any CPU
		{982B1D62-E4AC-4801-86EE-1DE6E6F09055}.Release|Any CPU.ActiveCfg = Release|Any CPU
		{982B1D62-E4AC-4801-86EE-1DE6E6F09055}.Release|Any CPU.Build.0 = Release|Any CPU
	EndGlobalSection
	GlobalSection(SolutionProperties) = preSolution
		HideSolutionNode = FALSE
	EndGlobalSection
	GlobalSection(ExtensibilityGlobals) = postSolution
		SolutionGuid = {86181946-DC20-4959-B5AB-E63EDA13BF99}
	EndGlobalSection
EndGlobal
