
Microsoft Visual Studio Solution File, Format Version 12.00
# Visual Studio Version 16
VisualStudioVersion = 16.0.31515.178
MinimumVisualStudioVersion = 10.0.40219.1
Project("{FAE04EC0-301F-11D3-BF4B-00C04F79EFBC}") = "ClassMetotDemo", "ClassMetotDemo.csproj", "{40F0F779-DCBD-46D6-9D81-97C6163E19CF}"
EndProject
Global
	GlobalSection(SolutionConfigurationPlatforms) = preSolution
		Debug|Any CPU = Debug|Any CPU
		Release|Any CPU = Release|Any CPU
	EndGlobalSection
	GlobalSection(ProjectConfigurationPlatforms) = postSolution
		{40F0F779-DCBD-46D6-9D81-97C6163E19CF}.Debug|Any CPU.ActiveCfg = Debug|Any CPU
		{40F0F779-DCBD-46D6-9D81-97C6163E19CF}.Debug|Any CPU.Build.0 = Debug|Any CPU
		{40F0F779-DCBD-46D6-9D81-97C6163E19CF}.Release|Any CPU.ActiveCfg = Release|Any CPU
		{40F0F779-DCBD-46D6-9D81-97C6163E19CF}.Release|Any CPU.Build.0 = Release|Any CPU
	EndGlobalSection
	GlobalSection(SolutionProperties) = preSolution
		HideSolutionNode = FALSE
	EndGlobalSection
	GlobalSection(ExtensibilityGlobals) = postSolution
		SolutionGuid = {F15AF24B-054E-4DF8-991F-A0731128DA7C}
	EndGlobalSection
EndGlobal
